
Microsoft Visual Studio Solution File, Format Version 12.00
# Visual Studio Version 17
VisualStudioVersion = 17.9.34723.18
MinimumVisualStudioVersion = 10.0.40219.1
Project("{FAE04EC0-301F-11D3-BF4B-00C04F79EFBC}") = "FOODingManager", "FOODingManager\FOODingManager.csproj", "{FE1E9696-35BF-4FA4-8520-E0DAC0596B71}"
EndProject
Global
	GlobalSection(SolutionConfigurationPlatforms) = preSolution
		Debug|Any CPU = Debug|Any CPU
		Release|Any CPU = Release|Any CPU
	EndGlobalSection
	GlobalSection(ProjectConfigurationPlatforms) = postSolution
		{FE1E9696-35BF-4FA4-8520-E0DAC0596B71}.Debug|Any CPU.ActiveCfg = Debug|Any CPU
		{FE1E9696-35BF-4FA4-8520-E0DAC0596B71}.Debug|Any CPU.Build.0 = Debug|Any CPU
		{FE1E9696-35BF-4FA4-8520-E0DAC0596B71}.Release|Any CPU.ActiveCfg = Release|Any CPU
		{FE1E9696-35BF-4FA4-8520-E0DAC0596B71}.Release|Any CPU.Build.0 = Release|Any CPU
	EndGlobalSection
	GlobalSection(SolutionProperties) = preSolution
		HideSolutionNode = FALSE
	EndGlobalSection
	GlobalSection(ExtensibilityGlobals) = postSolution
		SolutionGuid = {80F4C16E-B394-4BF6-B226-79B2E2652B38}
	EndGlobalSection
EndGlobal
